
Microsoft Visual Studio Solution File, Format Version 12.00
# Visual Studio Version 17
VisualStudioVersion = 17.4.33103.184
MinimumVisualStudioVersion = 10.0.40219.1
Project("{FAE04EC0-301F-11D3-BF4B-00C04F79EFBC}") = "Teamwork", "Teamwork.csproj", "{5A69DB15-17A6-4CEB-AD96-E32DB6A27BD7}"
EndProject
Global
	GlobalSection(SolutionConfigurationPlatforms) = preSolution
		Debug|Any CPU = Debug|Any CPU
		Release|Any CPU = Release|Any CPU
	EndGlobalSection
	GlobalSection(ProjectConfigurationPlatforms) = postSolution
		{5A69DB15-17A6-4CEB-AD96-E32DB6A27BD7}.Debug|Any CPU.ActiveCfg = Debug|Any CPU
		{5A69DB15-17A6-4CEB-AD96-E32DB6A27BD7}.Debug|Any CPU.Build.0 = Debug|Any CPU
		{5A69DB15-17A6-4CEB-AD96-E32DB6A27BD7}.Release|Any CPU.ActiveCfg = Release|Any CPU
		{5A69DB15-17A6-4CEB-AD96-E32DB6A27BD7}.Release|Any CPU.Build.0 = Release|Any CPU
	EndGlobalSection
	GlobalSection(SolutionProperties) = preSolution
		HideSolutionNode = FALSE
	EndGlobalSection
	GlobalSection(ExtensibilityGlobals) = postSolution
		SolutionGuid = {484BB89F-E491-4B37-AD33-D06E3AE9F29C}
	EndGlobalSection
EndGlobal
